{
  "name": "archethic-website",
  "version": "1.0.0",
  "lockfileVersion": 2,
  "requires": true,
  "packages": {
    "": {
      "name": "archethic-website",
      "version": "1.0.0",
      "license": "ISC",
      "dependencies": {
        "esbuild-serve": "^1.0.1"
      }
    },
    "node_modules/create-serve": {
      "version": "1.0.1",
      "resolved": "https://registry.npmjs.org/create-serve/-/create-serve-1.0.1.tgz",
      "integrity": "sha512-cDAmBGhkwolS7ihq7SnPE8KwjYUZl5FaI9Pq5ZBwNelSKvFR9OoAA4/B5BfB/NC+eYaykBpX9RVMfuU4DHtrPw==",
      "bin": {
        "create-serve": "src/bin.js"
      }
    },
    "node_modules/esbuild": {
      "version": "0.9.7",
      "resolved": "https://registry.npmjs.org/esbuild/-/esbuild-0.9.7.tgz",
      "integrity": "sha512-VtUf6aQ89VTmMLKrWHYG50uByMF4JQlVysb8dmg6cOgW8JnFCipmz7p+HNBl+RR3LLCuBxFGVauAe2wfnF9bLg==",
      "hasInstallScript": true,
      "bin": {
        "esbuild": "bin/esbuild"
      }
    },
    "node_modules/esbuild-serve": {
      "version": "1.0.1",
      "resolved": "https://registry.npmjs.org/esbuild-serve/-/esbuild-serve-1.0.1.tgz",
      "integrity": "sha512-VvYDThNuwg+YAuZC+RqAgw9TpEVGoDdcvm2mTL0lU+TxDXr+QGZfJ+zc6m7cXeJ940qijvdTSZl3mQbRGN4/PA==",
      "dependencies": {
        "create-serve": "^1.0.1",
        "esbuild": "^0.9.0"
      }
    }
  },
  "dependencies": {
    "create-serve": {
      "version": "1.0.1",
      "resolved": "https://registry.npmjs.org/create-serve/-/create-serve-1.0.1.tgz",
      "integrity": "sha512-cDAmBGhkwolS7ihq7SnPE8KwjYUZl5FaI9Pq5ZBwNelSKvFR9OoAA4/B5BfB/NC+eYaykBpX9RVMfuU4DHtrPw=="
    },
    "esbuild": {
      "version": "0.9.7",
      "resolved": "https://registry.npmjs.org/esbuild/-/esbuild-0.9.7.tgz",
      "integrity": "sha512-VtUf6aQ89VTmMLKrWHYG50uByMF4JQlVysb8dmg6cOgW8JnFCipmz7p+HNBl+RR3LLCuBxFGVauAe2wfnF9bLg=="
    },
    "esbuild-serve": {
      "version": "1.0.1",
      "resolved": "https://registry.npmjs.org/esbuild-serve/-/esbuild-serve-1.0.1.tgz",
      "integrity": "sha512-VvYDThNuwg+YAuZC+RqAgw9TpEVGoDdcvm2mTL0lU+TxDXr+QGZfJ+zc6m7cXeJ940qijvdTSZl3mQbRGN4/PA==",
      "requires": {
        "create-serve": "^1.0.1",
        "esbuild": "^0.9.0"
      }
    }
  }
}
